// !$*UTF8*$!
{
	archiveVersion = 1;
	classes = {
	};
	objectVersion = 48;
	objects = {

/* Begin PBXBuildFile section */
		84520D181FDE404900029B28 /* main.c in Sources */ = {isa = PBXBuildFile; fileRef = 84520D171FDE404900029B28 /* main.c */; };
		84520D2E1FDE4DD500029B28 /* YUV444P.c in Sources */ = {isa = PBXBuildFile; fileRef = 84520D251FDE4CCF00029B28 /* YUV444P.c */; };
		84520D321FDE591500029B28 /* yuv420_gray.c in Sources */ = {isa = PBXBuildFile; fileRef = 84520D301FDE591500029B28 /* yuv420_gray.c */; };
		84520D361FDE625F00029B28 /* 将YUV420P像素数据的亮度减半.c in Sources */ = {isa = PBXBuildFile; fileRef = 84520D341FDE625F00029B28 /* 将YUV420P像素数据的亮度减半.c */; };
		84520D3A1FDE708200029B28 /* 将YUV420P像素数据的周围加上边框.c in Sources */ = {isa = PBXBuildFile; fileRef = 84520D381FDE708200029B28 /* 将YUV420P像素数据的周围加上边框.c */; };
		84520D3E1FDE870800029B28 /* 生成YUV420P格式的灰阶测试图.c in Sources */ = {isa = PBXBuildFile; fileRef = 84520D3C1FDE870800029B28 /* 生成YUV420P格式的灰阶测试图.c */; };
/* End PBXBuildFile section */

/* Begin PBXCopyFilesBuildPhase section */
		84520D121FDE404900029B28 /* CopyFiles */ = {
			isa = PBXCopyFilesBuildPhase;
			buildActionMask = 2147483647;
			dstPath = /usr/share/man/man1/;
			dstSubfolderSpec = 0;
			files = (
			);
			runOnlyForDeploymentPostprocessing = 1;
		};
/* End PBXCopyFilesBuildPhase section */

/* Begin PBXFileReference section */
		84520D141FDE404900029B28 /* 视音频数据处理入门：RGB、YUV像素数据处理 */ = {isa = PBXFileReference; explicitFileType = "compiled.mach-o.executable"; includeInIndex = 0; path = "视音频数据处理入门：RGB、YUV像素数据处理"; sourceTree = BUILT_PRODUCTS_DIR; };
		84520D171FDE404900029B28 /* main.c */ = {isa = PBXFileReference; lastKnownFileType = sourcecode.c.c; path = main.c; sourceTree = "<group>"; };
		84520D221FDE4CCF00029B28 /* output_444_u.y */ = {isa = PBXFileReference; lastKnownFileType = sourcecode.yacc; path = output_444_u.y; sourceTree = "<group>"; };
		84520D231FDE4CCF00029B28 /* output_444_v.y */ = {isa = PBXFileReference; lastKnownFileType = sourcecode.yacc; path = output_444_v.y; sourceTree = "<group>"; };
		84520D241FDE4CCF00029B28 /* output_444_y.y */ = {isa = PBXFileReference; lastKnownFileType = sourcecode.yacc; path = output_444_y.y; sourceTree = "<group>"; };
		84520D251FDE4CCF00029B28 /* YUV444P.c */ = {isa = PBXFileReference; lastKnownFileType = sourcecode.c.c; path = YUV444P.c; sourceTree = "<group>"; };
		84520D261FDE4CCF00029B28 /* YUV444P.h */ = {isa = PBXFileReference; lastKnownFileType = sourcecode.c.h; path = YUV444P.h; sourceTree = "<group>"; };
		84520D281FDE4D7C00029B28 /* lena_256x256_yuv422p.yuv */ = {isa = PBXFileReference; lastKnownFileType = text; path = lena_256x256_yuv422p.yuv; sourceTree = "<group>"; };
		84520D291FDE4D7C00029B28 /* lena_256x256_rgb24.rgb */ = {isa = PBXFileReference; lastKnownFileType = text; path = lena_256x256_rgb24.rgb; sourceTree = "<group>"; };
		84520D2A1FDE4D7C00029B28 /* lena_256x256_yuv420p.yuv */ = {isa = PBXFileReference; lastKnownFileType = text; path = lena_256x256_yuv420p.yuv; sourceTree = "<group>"; };
		84520D2B1FDE4D7C00029B28 /* lena_256x256_yuv444p.yuv */ = {isa = PBXFileReference; lastKnownFileType = text; path = lena_256x256_yuv444p.yuv; sourceTree = "<group>"; };
		84520D2C1FDE4D7C00029B28 /* graybar_640x360.yuv */ = {isa = PBXFileReference; lastKnownFileType = file; path = graybar_640x360.yuv; sourceTree = "<group>"; };
		84520D2D1FDE4D7C00029B28 /* lena_distort_256x256_yuv420p.yuv */ = {isa = PBXFileReference; lastKnownFileType = text; path = lena_distort_256x256_yuv420p.yuv; sourceTree = "<group>"; };
		84520D301FDE591500029B28 /* yuv420_gray.c */ = {isa = PBXFileReference; lastKnownFileType = sourcecode.c.c; path = yuv420_gray.c; sourceTree = "<group>"; };
		84520D311FDE591500029B28 /* yuv420_gray.h */ = {isa = PBXFileReference; lastKnownFileType = sourcecode.c.h; path = yuv420_gray.h; sourceTree = "<group>"; };
		84520D341FDE625F00029B28 /* 将YUV420P像素数据的亮度减半.c */ = {isa = PBXFileReference; lastKnownFileType = sourcecode.c.c; path = "将YUV420P像素数据的亮度减半.c"; sourceTree = "<group>"; };
		84520D351FDE625F00029B28 /* 将YUV420P像素数据的亮度减半.h */ = {isa = PBXFileReference; lastKnownFileType = sourcecode.c.h; path = "将YUV420P像素数据的亮度减半.h"; sourceTree = "<group>"; };
		84520D381FDE708200029B28 /* 将YUV420P像素数据的周围加上边框.c */ = {isa = PBXFileReference; lastKnownFileType = sourcecode.c.c; path = "将YUV420P像素数据的周围加上边框.c"; sourceTree = "<group>"; };
		84520D391FDE708200029B28 /* 将YUV420P像素数据的周围加上边框.h */ = {isa = PBXFileReference; lastKnownFileType = sourcecode.c.h; path = "将YUV420P像素数据的周围加上边框.h"; sourceTree = "<group>"; };
		84520D3C1FDE870800029B28 /* 生成YUV420P格式的灰阶测试图.c */ = {isa = PBXFileReference; lastKnownFileType = sourcecode.c.c; path = "生成YUV420P格式的灰阶测试图.c"; sourceTree = "<group>"; };
		84520D3D1FDE870800029B28 /* 生成YUV420P格式的灰阶测试图.h */ = {isa = PBXFileReference; lastKnownFileType = sourcecode.c.h; path = "生成YUV420P格式的灰阶测试图.h"; sourceTree = "<group>"; };
/* End PBXFileReference section */

/* Begin PBXFrameworksBuildPhase section */
		84520D111FDE404900029B28 /* Frameworks */ = {
			isa = PBXFrameworksBuildPhase;
			buildActionMask = 2147483647;
			files = (
			);
			runOnlyForDeploymentPostprocessing = 0;
		};
/* End PBXFrameworksBuildPhase section */

/* Begin PBXGroup section */
		84520D0B1FDE404900029B28 = {
			isa = PBXGroup;
			children = (
				84520D161FDE404900029B28 /* 视音频数据处理入门：RGB、YUV像素数据处理 */,
				84520D151FDE404900029B28 /* Products */,
			);
			sourceTree = "<group>";
		};
		84520D151FDE404900029B28 /* Products */ = {
			isa = PBXGroup;
			children = (
				84520D141FDE404900029B28 /* 视音频数据处理入门：RGB、YUV像素数据处理 */,
			);
			name = Products;
			sourceTree = "<group>";
		};
		84520D161FDE404900029B28 /* 视音频数据处理入门：RGB、YUV像素数据处理 */ = {
			isa = PBXGroup;
			children = (
				84520D3B1FDE86F600029B28 /* 生成YUV420P格式的灰阶测试图 */,
				84520D371FDE6C4A00029B28 /* 将YUV420P像素数据的周围加上边框 */,
				84520D331FDE623500029B28 /* 将YUV420P像素数据的亮度减半 */,
				84520D2F1FDE58D500029B28 /* yuv420p去掉颜色（变成灰度图） */,
				84520D271FDE4D3E00029B28 /* source */,
				84520D211FDE4CCF00029B28 /* yuv444p */,
				84520D171FDE404900029B28 /* main.c */,
			);
			path = "视音频数据处理入门：RGB、YUV像素数据处理";
			sourceTree = "<group>";
		};
		84520D211FDE4CCF00029B28 /* yuv444p */ = {
			isa = PBXGroup;
			children = (
				84520D221FDE4CCF00029B28 /* output_444_u.y */,
				84520D231FDE4CCF00029B28 /* output_444_v.y */,
				84520D241FDE4CCF00029B28 /* output_444_y.y */,
				84520D251FDE4CCF00029B28 /* YUV444P.c */,
				84520D261FDE4CCF00029B28 /* YUV444P.h */,
			);
			path = yuv444p;
			sourceTree = "<group>";
		};
		84520D271FDE4D3E00029B28 /* source */ = {
			isa = PBXGroup;
			children = (
				84520D2C1FDE4D7C00029B28 /* graybar_640x360.yuv */,
				84520D291FDE4D7C00029B28 /* lena_256x256_rgb24.rgb */,
				84520D2A1FDE4D7C00029B28 /* lena_256x256_yuv420p.yuv */,
				84520D281FDE4D7C00029B28 /* lena_256x256_yuv422p.yuv */,
				84520D2B1FDE4D7C00029B28 /* lena_256x256_yuv444p.yuv */,
				84520D2D1FDE4D7C00029B28 /* lena_distort_256x256_yuv420p.yuv */,
			);
			path = source;
			sourceTree = "<group>";
		};
		84520D2F1FDE58D500029B28 /* yuv420p去掉颜色（变成灰度图） */ = {
			isa = PBXGroup;
			children = (
				84520D301FDE591500029B28 /* yuv420_gray.c */,
				84520D311FDE591500029B28 /* yuv420_gray.h */,
			);
			path = "yuv420p去掉颜色（变成灰度图）";
			sourceTree = "<group>";
		};
		84520D331FDE623500029B28 /* 将YUV420P像素数据的亮度减半 */ = {
			isa = PBXGroup;
			children = (
				84520D341FDE625F00029B28 /* 将YUV420P像素数据的亮度减半.c */,
				84520D351FDE625F00029B28 /* 将YUV420P像素数据的亮度减半.h */,
			);
			path = "将YUV420P像素数据的亮度减半";
			sourceTree = "<group>";
		};
		84520D371FDE6C4A00029B28 /* 将YUV420P像素数据的周围加上边框 */ = {
			isa = PBXGroup;
			children = (
				84520D381FDE708200029B28 /* 将YUV420P像素数据的周围加上边框.c */,
				84520D391FDE708200029B28 /* 将YUV420P像素数据的周围加上边框.h */,
			);
			path = "将YUV420P像素数据的周围加上边框";
			sourceTree = "<group>";
		};
		84520D3B1FDE86F600029B28 /* 生成YUV420P格式的灰阶测试图 */ = {
			isa = PBXGroup;
			children = (
				84520D3C1FDE870800029B28 /* 生成YUV420P格式的灰阶测试图.c */,
				84520D3D1FDE870800029B28 /* 生成YUV420P格式的灰阶测试图.h */,
			);
			path = "生成YUV420P格式的灰阶测试图";
			sourceTree = "<group>";
		};
/* End PBXGroup section */

/* Begin PBXNativeTarget section */
		84520D131FDE404900029B28 /* 视音频数据处理入门：RGB、YUV像素数据处理 */ = {
			isa = PBXNativeTarget;
			buildConfigurationList = 84520D1B1FDE404900029B28 /* Build configuration list for PBXNativeTarget "视音频数据处理入门：RGB、YUV像素数据处理" */;
			buildPhases = (
				84520D101FDE404900029B28 /* Sources */,
				84520D111FDE404900029B28 /* Frameworks */,
				84520D121FDE404900029B28 /* CopyFiles */,
			);
			buildRules = (
			);
			dependencies = (
			);
			name = "视音频数据处理入门：RGB、YUV像素数据处理";
			productName = "视音频数据处理入门：RGB、YUV像素数据处理";
			productReference = 84520D141FDE404900029B28 /* 视音频数据处理入门：RGB、YUV像素数据处理 */;
			productType = "com.apple.product-type.tool";
		};
/* End PBXNativeTarget section */

/* Begin PBXProject section */
		84520D0C1FDE404900029B28 /* Project object */ = {
			isa = PBXProject;
			attributes = {
				LastUpgradeCheck = 0900;
				ORGANIZATIONNAME = "pc-570";
				TargetAttributes = {
					84520D131FDE404900029B28 = {
						CreatedOnToolsVersion = 9.0;
						ProvisioningStyle = Automatic;
					};
				};
			};
			buildConfigurationList = 84520D0F1FDE404900029B28 /* Build configuration list for PBXProject "视音频数据处理入门：RGB、YUV像素数据处理" */;
			compatibilityVersion = "Xcode 8.0";
			developmentRegion = en;
			hasScannedForEncodings = 0;
			knownRegions = (
				en,
			);
			mainGroup = 84520D0B1FDE404900029B28;
			productRefGroup = 84520D151FDE404900029B28 /* Products */;
			projectDirPath = "";
			projectRoot = "";
			targets = (
				84520D131FDE404900029B28 /* 视音频数据处理入门：RGB、YUV像素数据处理 */,
			);
		};
/* End PBXProject section */

/* Begin PBXSourcesBuildPhase section */
		84520D101FDE404900029B28 /* Sources */ = {
			isa = PBXSourcesBuildPhase;
			buildActionMask = 2147483647;
			files = (
				84520D3E1FDE870800029B28 /* 生成YUV420P格式的灰阶测试图.c in Sources */,
				84520D2E1FDE4DD500029B28 /* YUV444P.c in Sources */,
				84520D321FDE591500029B28 /* yuv420_gray.c in Sources */,
				84520D361FDE625F00029B28 /* 将YUV420P像素数据的亮度减半.c in Sources */,
				84520D181FDE404900029B28 /* main.c in Sources */,
				84520D3A1FDE708200029B28 /* 将YUV420P像素数据的周围加上边框.c in Sources */,
			);
			runOnlyForDeploymentPostprocessing = 0;
		};
/* End PBXSourcesBuildPhase section */

/* Begin XCBuildConfiguration section */
		84520D191FDE404900029B28 /* Debug */ = {
			isa = XCBuildConfiguration;
			buildSettings = {
				ALWAYS_SEARCH_USER_PATHS = NO;
				CLANG_ANALYZER_NONNULL = YES;
				CLANG_ANALYZER_NUMBER_OBJECT_CONVERSION = YES_AGGRESSIVE;
				CLANG_CXX_LANGUAGE_STANDARD = "gnu++14";
				CLANG_CXX_LIBRARY = "libc++";
				CLANG_ENABLE_MODULES = YES;
				CLANG_ENABLE_OBJC_ARC = YES;
				CLANG_WARN_BLOCK_CAPTURE_AUTORELEASING = YES;
				CLANG_WARN_BOOL_CONVERSION = YES;
				CLANG_WARN_COMMA = YES;
				CLANG_WARN_CONSTANT_CONVERSION = YES;
				CLANG_WARN_DIRECT_OBJC_ISA_USAGE = YES_ERROR;
				CLANG_WARN_DOCUMENTATION_COMMENTS = YES;
				CLANG_WARN_EMPTY_BODY = YES;
				CLANG_WARN_ENUM_CONVERSION = YES;
				CLANG_WARN_INFINITE_RECURSION = YES;
				CLANG_WARN_INT_CONVERSION = YES;
				CLANG_WARN_NON_LITERAL_NULL_CONVERSION = YES;
				CLANG_WARN_OBJC_LITERAL_CONVERSION = YES;
				CLANG_WARN_OBJC_ROOT_CLASS = YES_ERROR;
				CLANG_WARN_RANGE_LOOP_ANALYSIS = YES;
				CLANG_WARN_STRICT_PROTOTYPES = YES;
				CLANG_WARN_SUSPICIOUS_MOVE = YES;
				CLANG_WARN_UNGUARDED_AVAILABILITY = YES_AGGRESSIVE;
				CLANG_WARN_UNREACHABLE_CODE = YES;
				CLANG_WARN__DUPLICATE_METHOD_MATCH = YES;
				CODE_SIGN_IDENTITY = "Mac Developer";
				COPY_PHASE_STRIP = NO;
				DEBUG_INFORMATION_FORMAT = dwarf;
				ENABLE_STRICT_OBJC_MSGSEND = YES;
				ENABLE_TESTABILITY = YES;
				GCC_C_LANGUAGE_STANDARD = gnu11;
				GCC_DYNAMIC_NO_PIC = NO;
				GCC_NO_COMMON_BLOCKS = YES;
				GCC_OPTIMIZATION_LEVEL = 0;
				GCC_PREPROCESSOR_DEFINITIONS = (
					"DEBUG=1",
					"$(inherited)",
				);
				GCC_WARN_64_TO_32_BIT_CONVERSION = YES;
				GCC_WARN_ABOUT_RETURN_TYPE = YES_ERROR;
				GCC_WARN_UNDECLARED_SELECTOR = YES;
				GCC_WARN_UNINITIALIZED_AUTOS = YES_AGGRESSIVE;
				GCC_WARN_UNUSED_FUNCTION = YES;
				GCC_WARN_UNUSED_VARIABLE = YES;
				MACOSX_DEPLOYMENT_TARGET = 10.12;
				MTL_ENABLE_DEBUG_INFO = YES;
				ONLY_ACTIVE_ARCH = YES;
				SDKROOT = macosx;
			};
			name = Debug;
		};
		84520D1A1FDE404900029B28 /* Release */ = {
			isa = XCBuildConfiguration;
			buildSettings = {
				ALWAYS_SEARCH_USER_PATHS = NO;
				CLANG_ANALYZER_NONNULL = YES;
				CLANG_ANALYZER_NUMBER_OBJECT_CONVERSION = YES_AGGRESSIVE;
				CLANG_CXX_LANGUAGE_STANDARD = "gnu++14";
				CLANG_CXX_LIBRARY = "libc++";
				CLANG_ENABLE_MODULES = YES;
				CLANG_ENABLE_OBJC_ARC = YES;
				CLANG_WARN_BLOCK_CAPTURE_AUTORELEASING = YES;
				CLANG_WARN_BOOL_CONVERSION = YES;
				CLANG_WARN_COMMA = YES;
				CLANG_WARN_CONSTANT_CONVERSION = YES;
				CLANG_WARN_DIRECT_OBJC_ISA_USAGE = YES_ERROR;
				CLANG_WARN_DOCUMENTATION_COMMENTS = YES;
				CLANG_WARN_EMPTY_BODY = YES;
				CLANG_WARN_ENUM_CONVERSION = YES;
				CLANG_WARN_INFINITE_RECURSION = YES;
				CLANG_WARN_INT_CONVERSION = YES;
				CLANG_WARN_NON_LITERAL_NULL_CONVERSION = YES;
				CLANG_WARN_OBJC_LITERAL_CONVERSION = YES;
				CLANG_WARN_OBJC_ROOT_CLASS = YES_ERROR;
				CLANG_WARN_RANGE_LOOP_ANALYSIS = YES;
				CLANG_WARN_STRICT_PROTOTYPES = YES;
				CLANG_WARN_SUSPICIOUS_MOVE = YES;
				CLANG_WARN_UNGUARDED_AVAILABILITY = YES_AGGRESSIVE;
				CLANG_WARN_UNREACHABLE_CODE = YES;
				CLANG_WARN__DUPLICATE_METHOD_MATCH = YES;
				CODE_SIGN_IDENTITY = "Mac Developer";
				COPY_PHASE_STRIP = NO;
				DEBUG_INFORMATION_FORMAT = "dwarf-with-dsym";
				ENABLE_NS_ASSERTIONS = NO;
				ENABLE_STRICT_OBJC_MSGSEND = YES;
				GCC_C_LANGUAGE_STANDARD = gnu11;
				GCC_NO_COMMON_BLOCKS = YES;
				GCC_WARN_64_TO_32_BIT_CONVERSION = YES;
				GCC_WARN_ABOUT_RETURN_TYPE = YES_ERROR;
				GCC_WARN_UNDECLARED_SELECTOR = YES;
				GCC_WARN_UNINITIALIZED_AUTOS = YES_AGGRESSIVE;
				GCC_WARN_UNUSED_FUNCTION = YES;
				GCC_WARN_UNUSED_VARIABLE = YES;
				MACOSX_DEPLOYMENT_TARGET = 10.12;
				MTL_ENABLE_DEBUG_INFO = NO;
				SDKROOT = macosx;
			};
			name = Release;
		};
		84520D1C1FDE404900029B28 /* Debug */ = {
			isa = XCBuildConfiguration;
			buildSettings = {
				CODE_SIGN_STYLE = Automatic;
				DEVELOPMENT_TEAM = B36UV7YGR5;
				PRODUCT_NAME = "$(TARGET_NAME)";
			};
			name = Debug;
		};
		84520D1D1FDE404900029B28 /* Release */ = {
			isa = XCBuildConfiguration;
			buildSettings = {
				CODE_SIGN_STYLE = Automatic;
				DEVELOPMENT_TEAM = B36UV7YGR5;
				PRODUCT_NAME = "$(TARGET_NAME)";
			};
			name = Release;
		};
/* End XCBuildConfiguration section */

/* Begin XCConfigurationList section */
		84520D0F1FDE404900029B28 /* Build configuration list for PBXProject "视音频数据处理入门：RGB、YUV像素数据处理" */ = {
			isa = XCConfigurationList;
			buildConfigurations = (
				84520D191FDE404900029B28 /* Debug */,
				84520D1A1FDE404900029B28 /* Release */,
			);
			defaultConfigurationIsVisible = 0;
			defaultConfigurationName = Release;
		};
		84520D1B1FDE404900029B28 /* Build configuration list for PBXNativeTarget "视音频数据处理入门：RGB、YUV像素数据处理" */ = {
			isa = XCConfigurationList;
			buildConfigurations = (
				84520D1C1FDE404900029B28 /* Debug */,
				84520D1D1FDE404900029B28 /* Release */,
			);
			defaultConfigurationIsVisible = 0;
			defaultConfigurationName = Release;
		};
/* End XCConfigurationList section */
	};
	rootObject = 84520D0C1FDE404900029B28 /* Project object */;
}
